
Microsoft Visual Studio Solution File, Format Version 12.00
# Visual Studio 14
VisualStudioVersion = 14.0.25123.0
MinimumVisualStudioVersion = 10.0.40219.1
Project("{FAE04EC0-301F-11D3-BF4B-00C04F79EFBC}") = "GoMobi.Droid", "GoMobi\GoMobi.Droid\GoMobi.Droid.csproj", "{BF066FDB-BE99-41A8-80F5-6ACF1F85FDA7}"
EndProject
Project("{FAE04EC0-301F-11D3-BF4B-00C04F79EFBC}") = "GoMobi.iOS", "GoMobi\GoMobi.iOS\GoMobi.iOS.csproj", "{8928B64E-06E6-4399-950C-C4C30228466F}"
EndProject
Project("{FAE04EC0-301F-11D3-BF4B-00C04F79EFBC}") = "GoMobi.WinPhone", "GoMobi\GoMobi.WinPhone\GoMobi.WinPhone.csproj", "{47C7ACFF-2C9D-4F67-965F-AC7D3241FF36}"
EndProject
Project("{FAE04EC0-301F-11D3-BF4B-00C04F79EFBC}") = "GoMobi.UWP", "GoMobi\GoMobi.UWP\GoMobi.UWP.csproj", "{E3A3B8D8-4BB4-423F-9757-E085C4B03695}"
EndProject
Project("{FAE04EC0-301F-11D3-BF4B-00C04F79EFBC}") = "GoMobi", "GoMobi\GoMobi\GoMobi.csproj", "{23175A97-34DC-4752-A3FC-70B71EDE1C2F}"
EndProject
Project("{2150E333-8FDC-42A3-9474-1A3956D46DE8}") = "UI", "UI", "{0D3F05A3-550F-44D0-86D9-6E68C3962B02}"
EndProject
Project("{2150E333-8FDC-42A3-9474-1A3956D46DE8}") = "Infrastructure", "Infrastructure", "{F2B1444A-2A0D-4C2B-9312-E0128DCD2551}"
EndProject
Project("{2150E333-8FDC-42A3-9474-1A3956D46DE8}") = "Domain", "Domain", "{6AA68B0E-7846-430A-B40D-B294AA53FC6A}"
EndProject
Project("{FAE04EC0-301F-11D3-BF4B-00C04F79EFBC}") = "GoMobi.Domain", "GoMobi.Domain\GoMobi.Domain.csproj", "{34904F2C-9D4A-4501-8C51-CAF9FFA16019}"
EndProject
Project("{FAE04EC0-301F-11D3-BF4B-00C04F79EFBC}") = "GoMobi.Infra.Repositories", "GoMobi.Infra.Repositories\GoMobi.Infra.Repositories.csproj", "{1F38E710-F40B-4C45-9ECF-01F6BCB0FDC0}"
EndProject
Project("{2150E333-8FDC-42A3-9474-1A3956D46DE8}") = "Mobile", "Mobile", "{F06F6BB3-0013-43FF-9E9E-D110E865163F}"
EndProject
Project("{2150E333-8FDC-42A3-9474-1A3956D46DE8}") = "WebApi", "WebApi", "{7787DC86-7031-484B-8930-A5DA0F4CBBF4}"
EndProject
Project("{2150E333-8FDC-42A3-9474-1A3956D46DE8}") = "Domain", "Domain", "{0C78C682-625F-4702-A015-491D55CBB420}"
EndProject
Project("{2150E333-8FDC-42A3-9474-1A3956D46DE8}") = "Infrastructure", "Infrastructure", "{8678AFDC-D579-4E82-AD86-4C1C25CAEEED}"
EndProject
Project("{2150E333-8FDC-42A3-9474-1A3956D46DE8}") = "Api", "Api", "{CDDA25AE-87BB-49AC-BD16-E3526FBD9DD9}"
EndProject
Project("{FAE04EC0-301F-11D3-BF4B-00C04F79EFBC}") = "GoMobi.Api.Domain", "GoMobi.Api.Domain\GoMobi.Api.Domain.csproj", "{76534A53-E242-4FD1-8633-E741E7BE1D92}"
EndProject
Project("{FAE04EC0-301F-11D3-BF4B-00C04F79EFBC}") = "GoMobi.Api.Infra.Repository", "GoMobi.Api.Infra.Repository\GoMobi.Api.Infra.Repository.csproj", "{7AE7A828-4267-498A-ACC8-503C236085A4}"
EndProject
Global
	GlobalSection(SolutionConfigurationPlatforms) = preSolution
		Ad-Hoc|Any CPU = Ad-Hoc|Any CPU
		Ad-Hoc|ARM = Ad-Hoc|ARM
		Ad-Hoc|iPhone = Ad-Hoc|iPhone
		Ad-Hoc|iPhoneSimulator = Ad-Hoc|iPhoneSimulator
		Ad-Hoc|x64 = Ad-Hoc|x64
		Ad-Hoc|x86 = Ad-Hoc|x86
		AppStore|Any CPU = AppStore|Any CPU
		AppStore|ARM = AppStore|ARM
		AppStore|iPhone = AppStore|iPhone
		AppStore|iPhoneSimulator = AppStore|iPhoneSimulator
		AppStore|x64 = AppStore|x64
		AppStore|x86 = AppStore|x86
		Debug|Any CPU = Debug|Any CPU
		Debug|ARM = Debug|ARM
		Debug|iPhone = Debug|iPhone
		Debug|iPhoneSimulator = Debug|iPhoneSimulator
		Debug|x64 = Debug|x64
		Debug|x86 = Debug|x86
		Release|Any CPU = Release|Any CPU
		Release|ARM = Release|ARM
		Release|iPhone = Release|iPhone
		Release|iPhoneSimulator = Release|iPhoneSimulator
		Release|x64 = Release|x64
		Release|x86 = Release|x86
	EndGlobalSection
	GlobalSection(ProjectConfigurationPlatforms) = postSolution
		{BF066FDB-BE99-41A8-80F5-6ACF1F85FDA7}.Ad-Hoc|Any CPU.ActiveCfg = Release|Any CPU
		{BF066FDB-BE99-41A8-80F5-6ACF1F85FDA7}.Ad-Hoc|Any CPU.Build.0 = Release|Any CPU
		{BF066FDB-BE99-41A8-80F5-6ACF1F85FDA7}.Ad-Hoc|Any CPU.Deploy.0 = Release|Any CPU
		{BF066FDB-BE99-41A8-80F5-6ACF1F85FDA7}.Ad-Hoc|ARM.ActiveCfg = Release|Any CPU
		{BF066FDB-BE99-41A8-80F5-6ACF1F85FDA7}.Ad-Hoc|ARM.Build.0 = Release|Any CPU
		{BF066FDB-BE99-41A8-80F5-6ACF1F85FDA7}.Ad-Hoc|ARM.Deploy.0 = Release|Any CPU
		{BF066FDB-BE99-41A8-80F5-6ACF1F85FDA7}.Ad-Hoc|iPhone.ActiveCfg = Release|Any CPU
		{BF066FDB-BE99-41A8-80F5-6ACF1F85FDA7}.Ad-Hoc|iPhone.Build.0 = Release|Any CPU
		{BF066FDB-BE99-41A8-80F5-6ACF1F85FDA7}.Ad-Hoc|iPhone.Deploy.0 = Release|Any CPU
		{BF066FDB-BE99-41A8-80F5-6ACF1F85FDA7}.Ad-Hoc|iPhoneSimulator.ActiveCfg = Release|Any CPU
		{BF066FDB-BE99-41A8-80F5-6ACF1F85FDA7}.Ad-Hoc|iPhoneSimulator.Build.0 = Release|Any CPU
		{BF066FDB-BE99-41A8-80F5-6ACF1F85FDA7}.Ad-Hoc|iPhoneSimulator.Deploy.0 = Release|Any CPU
		{BF066FDB-BE99-41A8-80F5-6ACF1F85FDA7}.Ad-Hoc|x64.ActiveCfg = Release|Any CPU
		{BF066FDB-BE99-41A8-80F5-6ACF1F85FDA7}.Ad-Hoc|x64.Build.0 = Release|Any CPU
		{BF066FDB-BE99-41A8-80F5-6ACF1F85FDA7}.Ad-Hoc|x64.Deploy.0 = Release|Any CPU
		{BF066FDB-BE99-41A8-80F5-6ACF1F85FDA7}.Ad-Hoc|x86.ActiveCfg = Release|Any CPU
		{BF066FDB-BE99-41A8-80F5-6ACF1F85FDA7}.Ad-Hoc|x86.Build.0 = Release|Any CPU
		{BF066FDB-BE99-41A8-80F5-6ACF1F85FDA7}.Ad-Hoc|x86.Deploy.0 = Release|Any CPU
		{BF066FDB-BE99-41A8-80F5-6ACF1F85FDA7}.AppStore|Any CPU.ActiveCfg = Release|Any CPU
		{BF066FDB-BE99-41A8-80F5-6ACF1F85FDA7}.AppStore|Any CPU.Build.0 = Release|Any CPU
		{BF066FDB-BE99-41A8-80F5-6ACF1F85FDA7}.AppStore|Any CPU.Deploy.0 = Release|Any CPU
		{BF066FDB-BE99-41A8-80F5-6ACF1F85FDA7}.AppStore|ARM.ActiveCfg = Release|Any CPU
		{BF066FDB-BE99-41A8-80F5-6ACF1F85FDA7}.AppStore|ARM.Build.0 = Release|Any CPU
		{BF066FDB-BE99-41A8-80F5-6ACF1F85FDA7}.AppStore|ARM.Deploy.0 = Release|Any CPU
		{BF066FDB-BE99-41A8-80F5-6ACF1F85FDA7}.AppStore|iPhone.ActiveCfg = Release|Any CPU
		{BF066FDB-BE99-41A8-80F5-6ACF1F85FDA7}.AppStore|iPhone.Build.0 = Release|Any CPU
		{BF066FDB-BE99-41A8-80F5-6ACF1F85FDA7}.AppStore|iPhone.Deploy.0 = Release|Any CPU
		{BF066FDB-BE99-41A8-80F5-6ACF1F85FDA7}.AppStore|iPhoneSimulator.ActiveCfg = Release|Any CPU
		{BF066FDB-BE99-41A8-80F5-6ACF1F85FDA7}.AppStore|iPhoneSimulator.Build.0 = Release|Any CPU
		{BF066FDB-BE99-41A8-80F5-6ACF1F85FDA7}.AppStore|iPhoneSimulator.Deploy.0 = Release|Any CPU
		{BF066FDB-BE99-41A8-80F5-6ACF1F85FDA7}.AppStore|x64.ActiveCfg = Release|Any CPU
		{BF066FDB-BE99-41A8-80F5-6ACF1F85FDA7}.AppStore|x64.Build.0 = Release|Any CPU
		{BF066FDB-BE99-41A8-80F5-6ACF1F85FDA7}.AppStore|x64.Deploy.0 = Release|Any CPU
		{BF066FDB-BE99-41A8-80F5-6ACF1F85FDA7}.AppStore|x86.ActiveCfg = Release|Any CPU
		{BF066FDB-BE99-41A8-80F5-6ACF1F85FDA7}.AppStore|x86.Build.0 = Release|Any CPU
		{BF066FDB-BE99-41A8-80F5-6ACF1F85FDA7}.AppStore|x86.Deploy.0 = Release|Any CPU
		{BF066FDB-BE99-41A8-80F5-6ACF1F85FDA7}.Debug|Any CPU.ActiveCfg = Debug|Any CPU
		{BF066FDB-BE99-41A8-80F5-6ACF1F85FDA7}.Debug|Any CPU.Build.0 = Debug|Any CPU
		{BF066FDB-BE99-41A8-80F5-6ACF1F85FDA7}.Debug|Any CPU.Deploy.0 = Debug|Any CPU
		{BF066FDB-BE99-41A8-80F5-6ACF1F85FDA7}.Debug|ARM.ActiveCfg = Debug|Any CPU
		{BF066FDB-BE99-41A8-80F5-6ACF1F85FDA7}.Debug|ARM.Build.0 = Debug|Any CPU
		{BF066FDB-BE99-41A8-80F5-6ACF1F85FDA7}.Debug|ARM.Deploy.0 = Debug|Any CPU
		{BF066FDB-BE99-41A8-80F5-6ACF1F85FDA7}.Debug|iPhone.ActiveCfg = Debug|Any CPU
		{BF066FDB-BE99-41A8-80F5-6ACF1F85FDA7}.Debug|iPhone.Build.0 = Debug|Any CPU
		{BF066FDB-BE99-41A8-80F5-6ACF1F85FDA7}.Debug|iPhone.Deploy.0 = Debug|Any CPU
		{BF066FDB-BE99-41A8-80F5-6ACF1F85FDA7}.Debug|iPhoneSimulator.ActiveCfg = Debug|Any CPU
		{BF066FDB-BE99-41A8-80F5-6ACF1F85FDA7}.Debug|iPhoneSimulator.Build.0 = Debug|Any CPU
		{BF066FDB-BE99-41A8-80F5-6ACF1F85FDA7}.Debug|iPhoneSimulator.Deploy.0 = Debug|Any CPU
		{BF066FDB-BE99-41A8-80F5-6ACF1F85FDA7}.Debug|x64.ActiveCfg = Debug|Any CPU
		{BF066FDB-BE99-41A8-80F5-6ACF1F85FDA7}.Debug|x64.Build.0 = Debug|Any CPU
		{BF066FDB-BE99-41A8-80F5-6ACF1F85FDA7}.Debug|x64.Deploy.0 = Debug|Any CPU
		{BF066FDB-BE99-41A8-80F5-6ACF1F85FDA7}.Debug|x86.ActiveCfg = Debug|Any CPU
		{BF066FDB-BE99-41A8-80F5-6ACF1F85FDA7}.Debug|x86.Build.0 = Debug|Any CPU
		{BF066FDB-BE99-41A8-80F5-6ACF1F85FDA7}.Debug|x86.Deploy.0 = Debug|Any CPU
		{BF066FDB-BE99-41A8-80F5-6ACF1F85FDA7}.Release|Any CPU.ActiveCfg = Release|Any CPU
		{BF066FDB-BE99-41A8-80F5-6ACF1F85FDA7}.Release|Any CPU.Build.0 = Release|Any CPU
		{BF066FDB-BE99-41A8-80F5-6ACF1F85FDA7}.Release|Any CPU.Deploy.0 = Release|Any CPU
		{BF066FDB-BE99-41A8-80F5-6ACF1F85FDA7}.Release|ARM.ActiveCfg = Release|Any CPU
		{BF066FDB-BE99-41A8-80F5-6ACF1F85FDA7}.Release|ARM.Build.0 = Release|Any CPU
		{BF066FDB-BE99-41A8-80F5-6ACF1F85FDA7}.Release|ARM.Deploy.0 = Release|Any CPU
		{BF066FDB-BE99-41A8-80F5-6ACF1F85FDA7}.Release|iPhone.ActiveCfg = Release|Any CPU
		{BF066FDB-BE99-41A8-80F5-6ACF1F85FDA7}.Release|iPhone.Build.0 = Release|Any CPU
		{BF066FDB-BE99-41A8-80F5-6ACF1F85FDA7}.Release|iPhone.Deploy.0 = Release|Any CPU
		{BF066FDB-BE99-41A8-80F5-6ACF1F85FDA7}.Release|iPhoneSimulator.ActiveCfg = Release|Any CPU
		{BF066FDB-BE99-41A8-80F5-6ACF1F85FDA7}.Release|iPhoneSimulator.Build.0 = Release|Any CPU
		{BF066FDB-BE99-41A8-80F5-6ACF1F85FDA7}.Release|iPhoneSimulator.Deploy.0 = Release|Any CPU
		{BF066FDB-BE99-41A8-80F5-6ACF1F85FDA7}.Release|x64.ActiveCfg = Release|Any CPU
		{BF066FDB-BE99-41A8-80F5-6ACF1F85FDA7}.Release|x64.Build.0 = Release|Any CPU
		{BF066FDB-BE99-41A8-80F5-6ACF1F85FDA7}.Release|x64.Deploy.0 = Release|Any CPU
		{BF066FDB-BE99-41A8-80F5-6ACF1F85FDA7}.Release|x86.ActiveCfg = Release|Any CPU
		{BF066FDB-BE99-41A8-80F5-6ACF1F85FDA7}.Release|x86.Build.0 = Release|Any CPU
		{BF066FDB-BE99-41A8-80F5-6ACF1F85FDA7}.Release|x86.Deploy.0 = Release|Any CPU
		{8928B64E-06E6-4399-950C-C4C30228466F}.Ad-Hoc|Any CPU.ActiveCfg = Ad-Hoc|iPhone
		{8928B64E-06E6-4399-950C-C4C30228466F}.Ad-Hoc|ARM.ActiveCfg = Ad-Hoc|iPhone
		{8928B64E-06E6-4399-950C-C4C30228466F}.Ad-Hoc|iPhone.ActiveCfg = Ad-Hoc|iPhone
		{8928B64E-06E6-4399-950C-C4C30228466F}.Ad-Hoc|iPhone.Build.0 = Ad-Hoc|iPhone
		{8928B64E-06E6-4399-950C-C4C30228466F}.Ad-Hoc|iPhoneSimulator.ActiveCfg = Ad-Hoc|iPhoneSimulator
		{8928B64E-06E6-4399-950C-C4C30228466F}.Ad-Hoc|iPhoneSimulator.Build.0 = Ad-Hoc|iPhoneSimulator
		{8928B64E-06E6-4399-950C-C4C30228466F}.Ad-Hoc|x64.ActiveCfg = Ad-Hoc|iPhone
		{8928B64E-06E6-4399-950C-C4C30228466F}.Ad-Hoc|x86.ActiveCfg = Ad-Hoc|iPhone
		{8928B64E-06E6-4399-950C-C4C30228466F}.AppStore|Any CPU.ActiveCfg = AppStore|iPhone
		{8928B64E-06E6-4399-950C-C4C30228466F}.AppStore|ARM.ActiveCfg = AppStore|iPhone
		{8928B64E-06E6-4399-950C-C4C30228466F}.AppStore|iPhone.ActiveCfg = AppStore|iPhone
		{8928B64E-06E6-4399-950C-C4C30228466F}.AppStore|iPhone.Build.0 = AppStore|iPhone
		{8928B64E-06E6-4399-950C-C4C30228466F}.AppStore|iPhoneSimulator.ActiveCfg = AppStore|iPhoneSimulator
		{8928B64E-06E6-4399-950C-C4C30228466F}.AppStore|iPhoneSimulator.Build.0 = AppStore|iPhoneSimulator
		{8928B64E-06E6-4399-950C-C4C30228466F}.AppStore|x64.ActiveCfg = AppStore|iPhone
		{8928B64E-06E6-4399-950C-C4C30228466F}.AppStore|x86.ActiveCfg = AppStore|iPhone
		{8928B64E-06E6-4399-950C-C4C30228466F}.Debug|Any CPU.ActiveCfg = Debug|iPhone
		{8928B64E-06E6-4399-950C-C4C30228466F}.Debug|ARM.ActiveCfg = Debug|iPhone
		{8928B64E-06E6-4399-950C-C4C30228466F}.Debug|iPhone.ActiveCfg = Debug|iPhone
		{8928B64E-06E6-4399-950C-C4C30228466F}.Debug|iPhone.Build.0 = Debug|iPhone
		{8928B64E-06E6-4399-950C-C4C30228466F}.Debug|iPhoneSimulator.ActiveCfg = Debug|iPhoneSimulator
		{8928B64E-06E6-4399-950C-C4C30228466F}.Debug|iPhoneSimulator.Build.0 = Debug|iPhoneSimulator
		{8928B64E-06E6-4399-950C-C4C30228466F}.Debug|x64.ActiveCfg = Debug|iPhone
		{8928B64E-06E6-4399-950C-C4C30228466F}.Debug|x86.ActiveCfg = Debug|iPhone
		{8928B64E-06E6-4399-950C-C4C30228466F}.Release|Any CPU.ActiveCfg = Release|iPhone
		{8928B64E-06E6-4399-950C-C4C30228466F}.Release|ARM.ActiveCfg = Release|iPhone
		{8928B64E-06E6-4399-950C-C4C30228466F}.Release|iPhone.ActiveCfg = Release|iPhone
		{8928B64E-06E6-4399-950C-C4C30228466F}.Release|iPhone.Build.0 = Release|iPhone
		{8928B64E-06E6-4399-950C-C4C30228466F}.Release|iPhoneSimulator.ActiveCfg = Release|iPhoneSimulator
		{8928B64E-06E6-4399-950C-C4C30228466F}.Release|iPhoneSimulator.Build.0 = Release|iPhoneSimulator
		{8928B64E-06E6-4399-950C-C4C30228466F}.Release|x64.ActiveCfg = Release|iPhone
		{8928B64E-06E6-4399-950C-C4C30228466F}.Release|x86.ActiveCfg = Release|iPhone
		{47C7ACFF-2C9D-4F67-965F-AC7D3241FF36}.Ad-Hoc|Any CPU.ActiveCfg = Release|Any CPU
		{47C7ACFF-2C9D-4F67-965F-AC7D3241FF36}.Ad-Hoc|Any CPU.Build.0 = Release|Any CPU
		{47C7ACFF-2C9D-4F67-965F-AC7D3241FF36}.Ad-Hoc|Any CPU.Deploy.0 = Release|Any CPU
		{47C7ACFF-2C9D-4F67-965F-AC7D3241FF36}.Ad-Hoc|ARM.ActiveCfg = Release|ARM
		{47C7ACFF-2C9D-4F67-965F-AC7D3241FF36}.Ad-Hoc|ARM.Build.0 = Release|ARM
		{47C7ACFF-2C9D-4F67-965F-AC7D3241FF36}.Ad-Hoc|ARM.Deploy.0 = Release|ARM
		{47C7ACFF-2C9D-4F67-965F-AC7D3241FF36}.Ad-Hoc|iPhone.ActiveCfg = Release|Any CPU
		{47C7ACFF-2C9D-4F67-965F-AC7D3241FF36}.Ad-Hoc|iPhone.Build.0 = Release|Any CPU
		{47C7ACFF-2C9D-4F67-965F-AC7D3241FF36}.Ad-Hoc|iPhone.Deploy.0 = Release|Any CPU
		{47C7ACFF-2C9D-4F67-965F-AC7D3241FF36}.Ad-Hoc|iPhoneSimulator.ActiveCfg = Release|Any CPU
		{47C7ACFF-2C9D-4F67-965F-AC7D3241FF36}.Ad-Hoc|iPhoneSimulator.Build.0 = Release|Any CPU
		{47C7ACFF-2C9D-4F67-965F-AC7D3241FF36}.Ad-Hoc|iPhoneSimulator.Deploy.0 = Release|Any CPU
		{47C7ACFF-2C9D-4F67-965F-AC7D3241FF36}.Ad-Hoc|x64.ActiveCfg = Release|Any CPU
		{47C7ACFF-2C9D-4F67-965F-AC7D3241FF36}.Ad-Hoc|x64.Build.0 = Release|Any CPU
		{47C7ACFF-2C9D-4F67-965F-AC7D3241FF36}.Ad-Hoc|x64.Deploy.0 = Release|Any CPU
		{47C7ACFF-2C9D-4F67-965F-AC7D3241FF36}.Ad-Hoc|x86.ActiveCfg = Release|x86
		{47C7ACFF-2C9D-4F67-965F-AC7D3241FF36}.Ad-Hoc|x86.Build.0 = Release|x86
		{47C7ACFF-2C9D-4F67-965F-AC7D3241FF36}.Ad-Hoc|x86.Deploy.0 = Release|x86
		{47C7ACFF-2C9D-4F67-965F-AC7D3241FF36}.AppStore|Any CPU.ActiveCfg = Release|Any CPU
		{47C7ACFF-2C9D-4F67-965F-AC7D3241FF36}.AppStore|Any CPU.Build.0 = Release|Any CPU
		{47C7ACFF-2C9D-4F67-965F-AC7D3241FF36}.AppStore|Any CPU.Deploy.0 = Release|Any CPU
		{47C7ACFF-2C9D-4F67-965F-AC7D3241FF36}.AppStore|ARM.ActiveCfg = Release|ARM
		{47C7ACFF-2C9D-4F67-965F-AC7D3241FF36}.AppStore|ARM.Build.0 = Release|ARM
		{47C7ACFF-2C9D-4F67-965F-AC7D3241FF36}.AppStore|ARM.Deploy.0 = Release|ARM
		{47C7ACFF-2C9D-4F67-965F-AC7D3241FF36}.AppStore|iPhone.ActiveCfg = Release|Any CPU
		{47C7ACFF-2C9D-4F67-965F-AC7D3241FF36}.AppStore|iPhone.Build.0 = Release|Any CPU
		{47C7ACFF-2C9D-4F67-965F-AC7D3241FF36}.AppStore|iPhone.Deploy.0 = Release|Any CPU
		{47C7ACFF-2C9D-4F67-965F-AC7D3241FF36}.AppStore|iPhoneSimulator.ActiveCfg = Release|Any CPU
		{47C7ACFF-2C9D-4F67-965F-AC7D3241FF36}.AppStore|iPhoneSimulator.Build.0 = Release|Any CPU
		{47C7ACFF-2C9D-4F67-965F-AC7D3241FF36}.AppStore|iPhoneSimulator.Deploy.0 = Release|Any CPU
		{47C7ACFF-2C9D-4F67-965F-AC7D3241FF36}.AppStore|x64.ActiveCfg = Release|Any CPU
		{47C7ACFF-2C9D-4F67-965F-AC7D3241FF36}.AppStore|x64.Build.0 = Release|Any CPU
		{47C7ACFF-2C9D-4F67-965F-AC7D3241FF36}.AppStore|x64.Deploy.0 = Release|Any CPU
		{47C7ACFF-2C9D-4F67-965F-AC7D3241FF36}.AppStore|x86.ActiveCfg = Release|x86
		{47C7ACFF-2C9D-4F67-965F-AC7D3241FF36}.AppStore|x86.Build.0 = Release|x86
		{47C7ACFF-2C9D-4F67-965F-AC7D3241FF36}.AppStore|x86.Deploy.0 = Release|x86
		{47C7ACFF-2C9D-4F67-965F-AC7D3241FF36}.Debug|Any CPU.ActiveCfg = Debug|Any CPU
		{47C7ACFF-2C9D-4F67-965F-AC7D3241FF36}.Debug|Any CPU.Build.0 = Debug|Any CPU
		{47C7ACFF-2C9D-4F67-965F-AC7D3241FF36}.Debug|Any CPU.Deploy.0 = Debug|Any CPU
		{47C7ACFF-2C9D-4F67-965F-AC7D3241FF36}.Debug|ARM.ActiveCfg = Debug|ARM
		{47C7ACFF-2C9D-4F67-965F-AC7D3241FF36}.Debug|ARM.Build.0 = Debug|ARM
		{47C7ACFF-2C9D-4F67-965F-AC7D3241FF36}.Debug|ARM.Deploy.0 = Debug|ARM
		{47C7ACFF-2C9D-4F67-965F-AC7D3241FF36}.Debug|iPhone.ActiveCfg = Debug|Any CPU
		{47C7ACFF-2C9D-4F67-965F-AC7D3241FF36}.Debug|iPhone.Build.0 = Debug|Any CPU
		{47C7ACFF-2C9D-4F67-965F-AC7D3241FF36}.Debug|iPhone.Deploy.0 = Debug|Any CPU
		{47C7ACFF-2C9D-4F67-965F-AC7D3241FF36}.Debug|iPhoneSimulator.ActiveCfg = Debug|Any CPU
		{47C7ACFF-2C9D-4F67-965F-AC7D3241FF36}.Debug|iPhoneSimulator.Build.0 = Debug|Any CPU
		{47C7ACFF-2C9D-4F67-965F-AC7D3241FF36}.Debug|iPhoneSimulator.Deploy.0 = Debug|Any CPU
		{47C7ACFF-2C9D-4F67-965F-AC7D3241FF36}.Debug|x64.ActiveCfg = Debug|Any CPU
		{47C7ACFF-2C9D-4F67-965F-AC7D3241FF36}.Debug|x64.Build.0 = Debug|Any CPU
		{47C7ACFF-2C9D-4F67-965F-AC7D3241FF36}.Debug|x64.Deploy.0 = Debug|Any CPU
		{47C7ACFF-2C9D-4F67-965F-AC7D3241FF36}.Debug|x86.ActiveCfg = Debug|x86
		{47C7ACFF-2C9D-4F67-965F-AC7D3241FF36}.Debug|x86.Build.0 = Debug|x86
		{47C7ACFF-2C9D-4F67-965F-AC7D3241FF36}.Debug|x86.Deploy.0 = Debug|x86
		{47C7ACFF-2C9D-4F67-965F-AC7D3241FF36}.Release|Any CPU.ActiveCfg = Release|Any CPU
		{47C7ACFF-2C9D-4F67-965F-AC7D3241FF36}.Release|Any CPU.Build.0 = Release|Any CPU
		{47C7ACFF-2C9D-4F67-965F-AC7D3241FF36}.Release|Any CPU.Deploy.0 = Release|Any CPU
		{47C7ACFF-2C9D-4F67-965F-AC7D3241FF36}.Release|ARM.ActiveCfg = Release|ARM
		{47C7ACFF-2C9D-4F67-965F-AC7D3241FF36}.Release|ARM.Build.0 = Release|ARM
		{47C7ACFF-2C9D-4F67-965F-AC7D3241FF36}.Release|ARM.Deploy.0 = Release|ARM
		{47C7ACFF-2C9D-4F67-965F-AC7D3241FF36}.Release|iPhone.ActiveCfg = Release|Any CPU
		{47C7ACFF-2C9D-4F67-965F-AC7D3241FF36}.Release|iPhone.Build.0 = Release|Any CPU
		{47C7ACFF-2C9D-4F67-965F-AC7D3241FF36}.Release|iPhone.Deploy.0 = Release|Any CPU
		{47C7ACFF-2C9D-4F67-965F-AC7D3241FF36}.Release|iPhoneSimulator.ActiveCfg = Release|Any CPU
		{47C7ACFF-2C9D-4F67-965F-AC7D3241FF36}.Release|iPhoneSimulator.Build.0 = Release|Any CPU
		{47C7ACFF-2C9D-4F67-965F-AC7D3241FF36}.Release|iPhoneSimulator.Deploy.0 = Release|Any CPU
		{47C7ACFF-2C9D-4F67-965F-AC7D3241FF36}.Release|x64.ActiveCfg = Release|Any CPU
		{47C7ACFF-2C9D-4F67-965F-AC7D3241FF36}.Release|x64.Build.0 = Release|Any CPU
		{47C7ACFF-2C9D-4F67-965F-AC7D3241FF36}.Release|x64.Deploy.0 = Release|Any CPU
		{47C7ACFF-2C9D-4F67-965F-AC7D3241FF36}.Release|x86.ActiveCfg = Release|x86
		{47C7ACFF-2C9D-4F67-965F-AC7D3241FF36}.Release|x86.Build.0 = Release|x86
		{47C7ACFF-2C9D-4F67-965F-AC7D3241FF36}.Release|x86.Deploy.0 = Release|x86
		{E3A3B8D8-4BB4-423F-9757-E085C4B03695}.Ad-Hoc|Any CPU.ActiveCfg = Release|x86
		{E3A3B8D8-4BB4-423F-9757-E085C4B03695}.Ad-Hoc|Any CPU.Build.0 = Release|x86
		{E3A3B8D8-4BB4-423F-9757-E085C4B03695}.Ad-Hoc|Any CPU.Deploy.0 = Release|x86
		{E3A3B8D8-4BB4-423F-9757-E085C4B03695}.Ad-Hoc|ARM.ActiveCfg = Release|ARM
		{E3A3B8D8-4BB4-423F-9757-E085C4B03695}.Ad-Hoc|ARM.Build.0 = Release|ARM
		{E3A3B8D8-4BB4-423F-9757-E085C4B03695}.Ad-Hoc|ARM.Deploy.0 = Release|ARM
		{E3A3B8D8-4BB4-423F-9757-E085C4B03695}.Ad-Hoc|iPhone.ActiveCfg = Release|x86
		{E3A3B8D8-4BB4-423F-9757-E085C4B03695}.Ad-Hoc|iPhone.Build.0 = Release|x86
		{E3A3B8D8-4BB4-423F-9757-E085C4B03695}.Ad-Hoc|iPhone.Deploy.0 = Release|x86
		{E3A3B8D8-4BB4-423F-9757-E085C4B03695}.Ad-Hoc|iPhoneSimulator.ActiveCfg = Release|x86
		{E3A3B8D8-4BB4-423F-9757-E085C4B03695}.Ad-Hoc|iPhoneSimulator.Build.0 = Release|x86
		{E3A3B8D8-4BB4-423F-9757-E085C4B03695}.Ad-Hoc|iPhoneSimulator.Deploy.0 = Release|x86
		{E3A3B8D8-4BB4-423F-9757-E085C4B03695}.Ad-Hoc|x64.ActiveCfg = Release|x64
		{E3A3B8D8-4BB4-423F-9757-E085C4B03695}.Ad-Hoc|x64.Build.0 = Release|x64
		{E3A3B8D8-4BB4-423F-9757-E085C4B03695}.Ad-Hoc|x64.Deploy.0 = Release|x64
		{E3A3B8D8-4BB4-423F-9757-E085C4B03695}.Ad-Hoc|x86.ActiveCfg = Release|x86
		{E3A3B8D8-4BB4-423F-9757-E085C4B03695}.Ad-Hoc|x86.Build.0 = Release|x86
		{E3A3B8D8-4BB4-423F-9757-E085C4B03695}.Ad-Hoc|x86.Deploy.0 = Release|x86
		{E3A3B8D8-4BB4-423F-9757-E085C4B03695}.AppStore|Any CPU.ActiveCfg = Release|x86
		{E3A3B8D8-4BB4-423F-9757-E085C4B03695}.AppStore|Any CPU.Build.0 = Release|x86
		{E3A3B8D8-4BB4-423F-9757-E085C4B03695}.AppStore|Any CPU.Deploy.0 = Release|x86
		{E3A3B8D8-4BB4-423F-9757-E085C4B03695}.AppStore|ARM.ActiveCfg = Release|ARM
		{E3A3B8D8-4BB4-423F-9757-E085C4B03695}.AppStore|ARM.Build.0 = Release|ARM
		{E3A3B8D8-4BB4-423F-9757-E085C4B03695}.AppStore|ARM.Deploy.0 = Release|ARM
		{E3A3B8D8-4BB4-423F-9757-E085C4B03695}.AppStore|iPhone.ActiveCfg = Release|x86
		{E3A3B8D8-4BB4-423F-9757-E085C4B03695}.AppStore|iPhone.Build.0 = Release|x86
		{E3A3B8D8-4BB4-423F-9757-E085C4B03695}.AppStore|iPhone.Deploy.0 = Release|x86
		{E3A3B8D8-4BB4-423F-9757-E085C4B03695}.AppStore|iPhoneSimulator.ActiveCfg = Release|x86
		{E3A3B8D8-4BB4-423F-9757-E085C4B03695}.AppStore|iPhoneSimulator.Build.0 = Release|x86
		{E3A3B8D8-4BB4-423F-9757-E085C4B03695}.AppStore|iPhoneSimulator.Deploy.0 = Release|x86
		{E3A3B8D8-4BB4-423F-9757-E085C4B03695}.AppStore|x64.ActiveCfg = Release|x64
		{E3A3B8D8-4BB4-423F-9757-E085C4B03695}.AppStore|x64.Build.0 = Release|x64
		{E3A3B8D8-4BB4-423F-9757-E085C4B03695}.AppStore|x64.Deploy.0 = Release|x64
		{E3A3B8D8-4BB4-423F-9757-E085C4B03695}.AppStore|x86.ActiveCfg = Release|x86
		{E3A3B8D8-4BB4-423F-9757-E085C4B03695}.AppStore|x86.Build.0 = Release|x86
		{E3A3B8D8-4BB4-423F-9757-E085C4B03695}.AppStore|x86.Deploy.0 = Release|x86
		{E3A3B8D8-4BB4-423F-9757-E085C4B03695}.Debug|Any CPU.ActiveCfg = Debug|x86
		{E3A3B8D8-4BB4-423F-9757-E085C4B03695}.Debug|ARM.ActiveCfg = Debug|ARM
		{E3A3B8D8-4BB4-423F-9757-E085C4B03695}.Debug|ARM.Build.0 = Debug|ARM
		{E3A3B8D8-4BB4-423F-9757-E085C4B03695}.Debug|ARM.Deploy.0 = Debug|ARM
		{E3A3B8D8-4BB4-423F-9757-E085C4B03695}.Debug|iPhone.ActiveCfg = Debug|x86
		{E3A3B8D8-4BB4-423F-9757-E085C4B03695}.Debug|iPhoneSimulator.ActiveCfg = Debug|x86
		{E3A3B8D8-4BB4-423F-9757-E085C4B03695}.Debug|x64.ActiveCfg = Debug|x64
		{E3A3B8D8-4BB4-423F-9757-E085C4B03695}.Debug|x64.Build.0 = Debug|x64
		{E3A3B8D8-4BB4-423F-9757-E085C4B03695}.Debug|x64.Deploy.0 = Debug|x64
		{E3A3B8D8-4BB4-423F-9757-E085C4B03695}.Debug|x86.ActiveCfg = Debug|x86
		{E3A3B8D8-4BB4-423F-9757-E085C4B03695}.Debug|x86.Build.0 = Debug|x86
		{E3A3B8D8-4BB4-423F-9757-E085C4B03695}.Debug|x86.Deploy.0 = Debug|x86
		{E3A3B8D8-4BB4-423F-9757-E085C4B03695}.Release|Any CPU.ActiveCfg = Release|x86
		{E3A3B8D8-4BB4-423F-9757-E085C4B03695}.Release|ARM.ActiveCfg = Release|ARM
		{E3A3B8D8-4BB4-423F-9757-E085C4B03695}.Release|ARM.Build.0 = Release|ARM
		{E3A3B8D8-4BB4-423F-9757-E085C4B03695}.Release|ARM.Deploy.0 = Release|ARM
		{E3A3B8D8-4BB4-423F-9757-E085C4B03695}.Release|iPhone.ActiveCfg = Release|x86
		{E3A3B8D8-4BB4-423F-9757-E085C4B03695}.Release|iPhoneSimulator.ActiveCfg = Release|x86
		{E3A3B8D8-4BB4-423F-9757-E085C4B03695}.Release|x64.ActiveCfg = Release|x64
		{E3A3B8D8-4BB4-423F-9757-E085C4B03695}.Release|x64.Build.0 = Release|x64
		{E3A3B8D8-4BB4-423F-9757-E085C4B03695}.Release|x64.Deploy.0 = Release|x64
		{E3A3B8D8-4BB4-423F-9757-E085C4B03695}.Release|x86.ActiveCfg = Release|x86
		{E3A3B8D8-4BB4-423F-9757-E085C4B03695}.Release|x86.Build.0 = Release|x86
		{E3A3B8D8-4BB4-423F-9757-E085C4B03695}.Release|x86.Deploy.0 = Release|x86
		{23175A97-34DC-4752-A3FC-70B71EDE1C2F}.Ad-Hoc|Any CPU.ActiveCfg = Release|Any CPU
		{23175A97-34DC-4752-A3FC-70B71EDE1C2F}.Ad-Hoc|Any CPU.Build.0 = Release|Any CPU
		{23175A97-34DC-4752-A3FC-70B71EDE1C2F}.Ad-Hoc|ARM.ActiveCfg = Release|Any CPU
		{23175A97-34DC-4752-A3FC-70B71EDE1C2F}.Ad-Hoc|ARM.Build.0 = Release|Any CPU
		{23175A97-34DC-4752-A3FC-70B71EDE1C2F}.Ad-Hoc|iPhone.ActiveCfg = Release|Any CPU
		{23175A97-34DC-4752-A3FC-70B71EDE1C2F}.Ad-Hoc|iPhone.Build.0 = Release|Any CPU
		{23175A97-34DC-4752-A3FC-70B71EDE1C2F}.Ad-Hoc|iPhoneSimulator.ActiveCfg = Release|Any CPU
		{23175A97-34DC-4752-A3FC-70B71EDE1C2F}.Ad-Hoc|iPhoneSimulator.Build.0 = Release|Any CPU
		{23175A97-34DC-4752-A3FC-70B71EDE1C2F}.Ad-Hoc|x64.ActiveCfg = Release|Any CPU
		{23175A97-34DC-4752-A3FC-70B71EDE1C2F}.Ad-Hoc|x64.Build.0 = Release|Any CPU
		{23175A97-34DC-4752-A3FC-70B71EDE1C2F}.Ad-Hoc|x86.ActiveCfg = Release|Any CPU
		{23175A97-34DC-4752-A3FC-70B71EDE1C2F}.Ad-Hoc|x86.Build.0 = Release|Any CPU
		{23175A97-34DC-4752-A3FC-70B71EDE1C2F}.AppStore|Any CPU.ActiveCfg = Release|Any CPU
		{23175A97-34DC-4752-A3FC-70B71EDE1C2F}.AppStore|Any CPU.Build.0 = Release|Any CPU
		{23175A97-34DC-4752-A3FC-70B71EDE1C2F}.AppStore|ARM.ActiveCfg = Release|Any CPU
		{23175A97-34DC-4752-A3FC-70B71EDE1C2F}.AppStore|ARM.Build.0 = Release|Any CPU
		{23175A97-34DC-4752-A3FC-70B71EDE1C2F}.AppStore|iPhone.ActiveCfg = Release|Any CPU
		{23175A97-34DC-4752-A3FC-70B71EDE1C2F}.AppStore|iPhone.Build.0 = Release|Any CPU
		{23175A97-34DC-4752-A3FC-70B71EDE1C2F}.AppStore|iPhoneSimulator.ActiveCfg = Release|Any CPU
		{23175A97-34DC-4752-A3FC-70B71EDE1C2F}.AppStore|iPhoneSimulator.Build.0 = Release|Any CPU
		{23175A97-34DC-4752-A3FC-70B71EDE1C2F}.AppStore|x64.ActiveCfg = Release|Any CPU
		{23175A97-34DC-4752-A3FC-70B71EDE1C2F}.AppStore|x64.Build.0 = Release|Any CPU
		{23175A97-34DC-4752-A3FC-70B71EDE1C2F}.AppStore|x86.ActiveCfg = Release|Any CPU
		{23175A97-34DC-4752-A3FC-70B71EDE1C2F}.AppStore|x86.Build.0 = Release|Any CPU
		{23175A97-34DC-4752-A3FC-70B71EDE1C2F}.Debug|Any CPU.ActiveCfg = Debug|Any CPU
		{23175A97-34DC-4752-A3FC-70B71EDE1C2F}.Debug|Any CPU.Build.0 = Debug|Any CPU
		{23175A97-34DC-4752-A3FC-70B71EDE1C2F}.Debug|ARM.ActiveCfg = Debug|Any CPU
		{23175A97-34DC-4752-A3FC-70B71EDE1C2F}.Debug|ARM.Build.0 = Debug|Any CPU
		{23175A97-34DC-4752-A3FC-70B71EDE1C2F}.Debug|iPhone.ActiveCfg = Debug|Any CPU
		{23175A97-34DC-4752-A3FC-70B71EDE1C2F}.Debug|iPhone.Build.0 = Debug|Any CPU
		{23175A97-34DC-4752-A3FC-70B71EDE1C2F}.Debug|iPhoneSimulator.ActiveCfg = Debug|Any CPU
		{23175A97-34DC-4752-A3FC-70B71EDE1C2F}.Debug|iPhoneSimulator.Build.0 = Debug|Any CPU
		{23175A97-34DC-4752-A3FC-70B71EDE1C2F}.Debug|x64.ActiveCfg = Debug|Any CPU
		{23175A97-34DC-4752-A3FC-70B71EDE1C2F}.Debug|x64.Build.0 = Debug|Any CPU
		{23175A97-34DC-4752-A3FC-70B71EDE1C2F}.Debug|x86.ActiveCfg = Debug|Any CPU
		{23175A97-34DC-4752-A3FC-70B71EDE1C2F}.Debug|x86.Build.0 = Debug|Any CPU
		{23175A97-34DC-4752-A3FC-70B71EDE1C2F}.Release|Any CPU.ActiveCfg = Release|Any CPU
		{23175A97-34DC-4752-A3FC-70B71EDE1C2F}.Release|Any CPU.Build.0 = Release|Any CPU
		{23175A97-34DC-4752-A3FC-70B71EDE1C2F}.Release|ARM.ActiveCfg = Release|Any CPU
		{23175A97-34DC-4752-A3FC-70B71EDE1C2F}.Release|ARM.Build.0 = Release|Any CPU
		{23175A97-34DC-4752-A3FC-70B71EDE1C2F}.Release|iPhone.ActiveCfg = Release|Any CPU
		{23175A97-34DC-4752-A3FC-70B71EDE1C2F}.Release|iPhone.Build.0 = Release|Any CPU
		{23175A97-34DC-4752-A3FC-70B71EDE1C2F}.Release|iPhoneSimulator.ActiveCfg = Release|Any CPU
		{23175A97-34DC-4752-A3FC-70B71EDE1C2F}.Release|iPhoneSimulator.Build.0 = Release|Any CPU
		{23175A97-34DC-4752-A3FC-70B71EDE1C2F}.Release|x64.ActiveCfg = Release|Any CPU
		{23175A97-34DC-4752-A3FC-70B71EDE1C2F}.Release|x64.Build.0 = Release|Any CPU
		{23175A97-34DC-4752-A3FC-70B71EDE1C2F}.Release|x86.ActiveCfg = Release|Any CPU
		{23175A97-34DC-4752-A3FC-70B71EDE1C2F}.Release|x86.Build.0 = Release|Any CPU
		{34904F2C-9D4A-4501-8C51-CAF9FFA16019}.Ad-Hoc|Any CPU.ActiveCfg = Release|Any CPU
		{34904F2C-9D4A-4501-8C51-CAF9FFA16019}.Ad-Hoc|Any CPU.Build.0 = Release|Any CPU
		{34904F2C-9D4A-4501-8C51-CAF9FFA16019}.Ad-Hoc|ARM.ActiveCfg = Release|Any CPU
		{34904F2C-9D4A-4501-8C51-CAF9FFA16019}.Ad-Hoc|ARM.Build.0 = Release|Any CPU
		{34904F2C-9D4A-4501-8C51-CAF9FFA16019}.Ad-Hoc|iPhone.ActiveCfg = Release|Any CPU
		{34904F2C-9D4A-4501-8C51-CAF9FFA16019}.Ad-Hoc|iPhone.Build.0 = Release|Any CPU
		{34904F2C-9D4A-4501-8C51-CAF9FFA16019}.Ad-Hoc|iPhoneSimulator.ActiveCfg = Release|Any CPU
		{34904F2C-9D4A-4501-8C51-CAF9FFA16019}.Ad-Hoc|iPhoneSimulator.Build.0 = Release|Any CPU
		{34904F2C-9D4A-4501-8C51-CAF9FFA16019}.Ad-Hoc|x64.ActiveCfg = Release|Any CPU
		{34904F2C-9D4A-4501-8C51-CAF9FFA16019}.Ad-Hoc|x64.Build.0 = Release|Any CPU
		{34904F2C-9D4A-4501-8C51-CAF9FFA16019}.Ad-Hoc|x86.ActiveCfg = Release|Any CPU
		{34904F2C-9D4A-4501-8C51-CAF9FFA16019}.Ad-Hoc|x86.Build.0 = Release|Any CPU
		{34904F2C-9D4A-4501-8C51-CAF9FFA16019}.AppStore|Any CPU.ActiveCfg = Release|Any CPU
		{34904F2C-9D4A-4501-8C51-CAF9FFA16019}.AppStore|Any CPU.Build.0 = Release|Any CPU
		{34904F2C-9D4A-4501-8C51-CAF9FFA16019}.AppStore|ARM.ActiveCfg = Release|Any CPU
		{34904F2C-9D4A-4501-8C51-CAF9FFA16019}.AppStore|ARM.Build.0 = Release|Any CPU
		{34904F2C-9D4A-4501-8C51-CAF9FFA16019}.AppStore|iPhone.ActiveCfg = Release|Any CPU
		{34904F2C-9D4A-4501-8C51-CAF9FFA16019}.AppStore|iPhone.Build.0 = Release|Any CPU
		{34904F2C-9D4A-4501-8C51-CAF9FFA16019}.AppStore|iPhoneSimulator.ActiveCfg = Release|Any CPU
		{34904F2C-9D4A-4501-8C51-CAF9FFA16019}.AppStore|iPhoneSimulator.Build.0 = Release|Any CPU
		{34904F2C-9D4A-4501-8C51-CAF9FFA16019}.AppStore|x64.ActiveCfg = Release|Any CPU
		{34904F2C-9D4A-4501-8C51-CAF9FFA16019}.AppStore|x64.Build.0 = Release|Any CPU
		{34904F2C-9D4A-4501-8C51-CAF9FFA16019}.AppStore|x86.ActiveCfg = Release|Any CPU
		{34904F2C-9D4A-4501-8C51-CAF9FFA16019}.AppStore|x86.Build.0 = Release|Any CPU
		{34904F2C-9D4A-4501-8C51-CAF9FFA16019}.Debug|Any CPU.ActiveCfg = Debug|Any CPU
		{34904F2C-9D4A-4501-8C51-CAF9FFA16019}.Debug|Any CPU.Build.0 = Debug|Any CPU
		{34904F2C-9D4A-4501-8C51-CAF9FFA16019}.Debug|ARM.ActiveCfg = Debug|Any CPU
		{34904F2C-9D4A-4501-8C51-CAF9FFA16019}.Debug|ARM.Build.0 = Debug|Any CPU
		{34904F2C-9D4A-4501-8C51-CAF9FFA16019}.Debug|iPhone.ActiveCfg = Debug|Any CPU
		{34904F2C-9D4A-4501-8C51-CAF9FFA16019}.Debug|iPhone.Build.0 = Debug|Any CPU
		{34904F2C-9D4A-4501-8C51-CAF9FFA16019}.Debug|iPhoneSimulator.ActiveCfg = Debug|Any CPU
		{34904F2C-9D4A-4501-8C51-CAF9FFA16019}.Debug|iPhoneSimulator.Build.0 = Debug|Any CPU
		{34904F2C-9D4A-4501-8C51-CAF9FFA16019}.Debug|x64.ActiveCfg = Debug|Any CPU
		{34904F2C-9D4A-4501-8C51-CAF9FFA16019}.Debug|x64.Build.0 = Debug|Any CPU
		{34904F2C-9D4A-4501-8C51-CAF9FFA16019}.Debug|x86.ActiveCfg = Debug|Any CPU
		{34904F2C-9D4A-4501-8C51-CAF9FFA16019}.Debug|x86.Build.0 = Debug|Any CPU
		{34904F2C-9D4A-4501-8C51-CAF9FFA16019}.Release|Any CPU.ActiveCfg = Release|Any CPU
		{34904F2C-9D4A-4501-8C51-CAF9FFA16019}.Release|Any CPU.Build.0 = Release|Any CPU
		{34904F2C-9D4A-4501-8C51-CAF9FFA16019}.Release|ARM.ActiveCfg = Release|Any CPU
		{34904F2C-9D4A-4501-8C51-CAF9FFA16019}.Release|ARM.Build.0 = Release|Any CPU
		{34904F2C-9D4A-4501-8C51-CAF9FFA16019}.Release|iPhone.ActiveCfg = Release|Any CPU
		{34904F2C-9D4A-4501-8C51-CAF9FFA16019}.Release|iPhone.Build.0 = Release|Any CPU
		{34904F2C-9D4A-4501-8C51-CAF9FFA16019}.Release|iPhoneSimulator.ActiveCfg = Release|Any CPU
		{34904F2C-9D4A-4501-8C51-CAF9FFA16019}.Release|iPhoneSimulator.Build.0 = Release|Any CPU
		{34904F2C-9D4A-4501-8C51-CAF9FFA16019}.Release|x64.ActiveCfg = Release|Any CPU
		{34904F2C-9D4A-4501-8C51-CAF9FFA16019}.Release|x64.Build.0 = Release|Any CPU
		{34904F2C-9D4A-4501-8C51-CAF9FFA16019}.Release|x86.ActiveCfg = Release|Any CPU
		{34904F2C-9D4A-4501-8C51-CAF9FFA16019}.Release|x86.Build.0 = Release|Any CPU
		{1F38E710-F40B-4C45-9ECF-01F6BCB0FDC0}.Ad-Hoc|Any CPU.ActiveCfg = Release|Any CPU
		{1F38E710-F40B-4C45-9ECF-01F6BCB0FDC0}.Ad-Hoc|Any CPU.Build.0 = Release|Any CPU
		{1F38E710-F40B-4C45-9ECF-01F6BCB0FDC0}.Ad-Hoc|ARM.ActiveCfg = Release|Any CPU
		{1F38E710-F40B-4C45-9ECF-01F6BCB0FDC0}.Ad-Hoc|ARM.Build.0 = Release|Any CPU
		{1F38E710-F40B-4C45-9ECF-01F6BCB0FDC0}.Ad-Hoc|iPhone.ActiveCfg = Release|Any CPU
		{1F38E710-F40B-4C45-9ECF-01F6BCB0FDC0}.Ad-Hoc|iPhone.Build.0 = Release|Any CPU
		{1F38E710-F40B-4C45-9ECF-01F6BCB0FDC0}.Ad-Hoc|iPhoneSimulator.ActiveCfg = Release|Any CPU
		{1F38E710-F40B-4C45-9ECF-01F6BCB0FDC0}.Ad-Hoc|iPhoneSimulator.Build.0 = Release|Any CPU
		{1F38E710-F40B-4C45-9ECF-01F6BCB0FDC0}.Ad-Hoc|x64.ActiveCfg = Release|Any CPU
		{1F38E710-F40B-4C45-9ECF-01F6BCB0FDC0}.Ad-Hoc|x64.Build.0 = Release|Any CPU
		{1F38E710-F40B-4C45-9ECF-01F6BCB0FDC0}.Ad-Hoc|x86.ActiveCfg = Release|Any CPU
		{1F38E710-F40B-4C45-9ECF-01F6BCB0FDC0}.Ad-Hoc|x86.Build.0 = Release|Any CPU
		{1F38E710-F40B-4C45-9ECF-01F6BCB0FDC0}.AppStore|Any CPU.ActiveCfg = Release|Any CPU
		{1F38E710-F40B-4C45-9ECF-01F6BCB0FDC0}.AppStore|Any CPU.Build.0 = Release|Any CPU
		{1F38E710-F40B-4C45-9ECF-01F6BCB0FDC0}.AppStore|ARM.ActiveCfg = Release|Any CPU
		{1F38E710-F40B-4C45-9ECF-01F6BCB0FDC0}.AppStore|ARM.Build.0 = Release|Any CPU
		{1F38E710-F40B-4C45-9ECF-01F6BCB0FDC0}.AppStore|iPhone.ActiveCfg = Release|Any CPU
		{1F38E710-F40B-4C45-9ECF-01F6BCB0FDC0}.AppStore|iPhone.Build.0 = Release|Any CPU
		{1F38E710-F40B-4C45-9ECF-01F6BCB0FDC0}.AppStore|iPhoneSimulator.ActiveCfg = Release|Any CPU
		{1F38E710-F40B-4C45-9ECF-01F6BCB0FDC0}.AppStore|iPhoneSimulator.Build.0 = Release|Any CPU
		{1F38E710-F40B-4C45-9ECF-01F6BCB0FDC0}.AppStore|x64.ActiveCfg = Release|Any CPU
		{1F38E710-F40B-4C45-9ECF-01F6BCB0FDC0}.AppStore|x64.Build.0 = Release|Any CPU
		{1F38E710-F40B-4C45-9ECF-01F6BCB0FDC0}.AppStore|x86.ActiveCfg = Release|Any CPU
		{1F38E710-F40B-4C45-9ECF-01F6BCB0FDC0}.AppStore|x86.Build.0 = Release|Any CPU
		{1F38E710-F40B-4C45-9ECF-01F6BCB0FDC0}.Debug|Any CPU.ActiveCfg = Debug|Any CPU
		{1F38E710-F40B-4C45-9ECF-01F6BCB0FDC0}.Debug|Any CPU.Build.0 = Debug|Any CPU
		{1F38E710-F40B-4C45-9ECF-01F6BCB0FDC0}.Debug|ARM.ActiveCfg = Debug|Any CPU
		{1F38E710-F40B-4C45-9ECF-01F6BCB0FDC0}.Debug|ARM.Build.0 = Debug|Any CPU
		{1F38E710-F40B-4C45-9ECF-01F6BCB0FDC0}.Debug|iPhone.ActiveCfg = Debug|Any CPU
		{1F38E710-F40B-4C45-9ECF-01F6BCB0FDC0}.Debug|iPhone.Build.0 = Debug|Any CPU
		{1F38E710-F40B-4C45-9ECF-01F6BCB0FDC0}.Debug|iPhoneSimulator.ActiveCfg = Debug|Any CPU
		{1F38E710-F40B-4C45-9ECF-01F6BCB0FDC0}.Debug|iPhoneSimulator.Build.0 = Debug|Any CPU
		{1F38E710-F40B-4C45-9ECF-01F6BCB0FDC0}.Debug|x64.ActiveCfg = Debug|Any CPU
		{1F38E710-F40B-4C45-9ECF-01F6BCB0FDC0}.Debug|x64.Build.0 = Debug|Any CPU
		{1F38E710-F40B-4C45-9ECF-01F6BCB0FDC0}.Debug|x86.ActiveCfg = Debug|Any CPU
		{1F38E710-F40B-4C45-9ECF-01F6BCB0FDC0}.Debug|x86.Build.0 = Debug|Any CPU
		{1F38E710-F40B-4C45-9ECF-01F6BCB0FDC0}.Release|Any CPU.ActiveCfg = Release|Any CPU
		{1F38E710-F40B-4C45-9ECF-01F6BCB0FDC0}.Release|Any CPU.Build.0 = Release|Any CPU
		{1F38E710-F40B-4C45-9ECF-01F6BCB0FDC0}.Release|ARM.ActiveCfg = Release|Any CPU
		{1F38E710-F40B-4C45-9ECF-01F6BCB0FDC0}.Release|ARM.Build.0 = Release|Any CPU
		{1F38E710-F40B-4C45-9ECF-01F6BCB0FDC0}.Release|iPhone.ActiveCfg = Release|Any CPU
		{1F38E710-F40B-4C45-9ECF-01F6BCB0FDC0}.Release|iPhone.Build.0 = Release|Any CPU
		{1F38E710-F40B-4C45-9ECF-01F6BCB0FDC0}.Release|iPhoneSimulator.ActiveCfg = Release|Any CPU
		{1F38E710-F40B-4C45-9ECF-01F6BCB0FDC0}.Release|iPhoneSimulator.Build.0 = Release|Any CPU
		{1F38E710-F40B-4C45-9ECF-01F6BCB0FDC0}.Release|x64.ActiveCfg = Release|Any CPU
		{1F38E710-F40B-4C45-9ECF-01F6BCB0FDC0}.Release|x64.Build.0 = Release|Any CPU
		{1F38E710-F40B-4C45-9ECF-01F6BCB0FDC0}.Release|x86.ActiveCfg = Release|Any CPU
		{1F38E710-F40B-4C45-9ECF-01F6BCB0FDC0}.Release|x86.Build.0 = Release|Any CPU
		{76534A53-E242-4FD1-8633-E741E7BE1D92}.Ad-Hoc|Any CPU.ActiveCfg = Release|Any CPU
		{76534A53-E242-4FD1-8633-E741E7BE1D92}.Ad-Hoc|Any CPU.Build.0 = Release|Any CPU
		{76534A53-E242-4FD1-8633-E741E7BE1D92}.Ad-Hoc|ARM.ActiveCfg = Release|Any CPU
		{76534A53-E242-4FD1-8633-E741E7BE1D92}.Ad-Hoc|ARM.Build.0 = Release|Any CPU
		{76534A53-E242-4FD1-8633-E741E7BE1D92}.Ad-Hoc|iPhone.ActiveCfg = Release|Any CPU
		{76534A53-E242-4FD1-8633-E741E7BE1D92}.Ad-Hoc|iPhone.Build.0 = Release|Any CPU
		{76534A53-E242-4FD1-8633-E741E7BE1D92}.Ad-Hoc|iPhoneSimulator.ActiveCfg = Release|Any CPU
		{76534A53-E242-4FD1-8633-E741E7BE1D92}.Ad-Hoc|iPhoneSimulator.Build.0 = Release|Any CPU
		{76534A53-E242-4FD1-8633-E741E7BE1D92}.Ad-Hoc|x64.ActiveCfg = Release|Any CPU
		{76534A53-E242-4FD1-8633-E741E7BE1D92}.Ad-Hoc|x64.Build.0 = Release|Any CPU
		{76534A53-E242-4FD1-8633-E741E7BE1D92}.Ad-Hoc|x86.ActiveCfg = Release|Any CPU
		{76534A53-E242-4FD1-8633-E741E7BE1D92}.Ad-Hoc|x86.Build.0 = Release|Any CPU
		{76534A53-E242-4FD1-8633-E741E7BE1D92}.AppStore|Any CPU.ActiveCfg = Release|Any CPU
		{76534A53-E242-4FD1-8633-E741E7BE1D92}.AppStore|Any CPU.Build.0 = Release|Any CPU
		{76534A53-E242-4FD1-8633-E741E7BE1D92}.AppStore|ARM.ActiveCfg = Release|Any CPU
		{76534A53-E242-4FD1-8633-E741E7BE1D92}.AppStore|ARM.Build.0 = Release|Any CPU
		{76534A53-E242-4FD1-8633-E741E7BE1D92}.AppStore|iPhone.ActiveCfg = Release|Any CPU
		{76534A53-E242-4FD1-8633-E741E7BE1D92}.AppStore|iPhone.Build.0 = Release|Any CPU
		{76534A53-E242-4FD1-8633-E741E7BE1D92}.AppStore|iPhoneSimulator.ActiveCfg = Release|Any CPU
		{76534A53-E242-4FD1-8633-E741E7BE1D92}.AppStore|iPhoneSimulator.Build.0 = Release|Any CPU
		{76534A53-E242-4FD1-8633-E741E7BE1D92}.AppStore|x64.ActiveCfg = Release|Any CPU
		{76534A53-E242-4FD1-8633-E741E7BE1D92}.AppStore|x64.Build.0 = Release|Any CPU
		{76534A53-E242-4FD1-8633-E741E7BE1D92}.AppStore|x86.ActiveCfg = Release|Any CPU
		{76534A53-E242-4FD1-8633-E741E7BE1D92}.AppStore|x86.Build.0 = Release|Any CPU
		{76534A53-E242-4FD1-8633-E741E7BE1D92}.Debug|Any CPU.ActiveCfg = Debug|Any CPU
		{76534A53-E242-4FD1-8633-E741E7BE1D92}.Debug|Any CPU.Build.0 = Debug|Any CPU
		{76534A53-E242-4FD1-8633-E741E7BE1D92}.Debug|ARM.ActiveCfg = Debug|Any CPU
		{76534A53-E242-4FD1-8633-E741E7BE1D92}.Debug|ARM.Build.0 = Debug|Any CPU
		{76534A53-E242-4FD1-8633-E741E7BE1D92}.Debug|iPhone.ActiveCfg = Debug|Any CPU
		{76534A53-E242-4FD1-8633-E741E7BE1D92}.Debug|iPhone.Build.0 = Debug|Any CPU
		{76534A53-E242-4FD1-8633-E741E7BE1D92}.Debug|iPhoneSimulator.ActiveCfg = Debug|Any CPU
		{76534A53-E242-4FD1-8633-E741E7BE1D92}.Debug|iPhoneSimulator.Build.0 = Debug|Any CPU
		{76534A53-E242-4FD1-8633-E741E7BE1D92}.Debug|x64.ActiveCfg = Debug|Any CPU
		{76534A53-E242-4FD1-8633-E741E7BE1D92}.Debug|x64.Build.0 = Debug|Any CPU
		{76534A53-E242-4FD1-8633-E741E7BE1D92}.Debug|x86.ActiveCfg = Debug|Any CPU
		{76534A53-E242-4FD1-8633-E741E7BE1D92}.Debug|x86.Build.0 = Debug|Any CPU
		{76534A53-E242-4FD1-8633-E741E7BE1D92}.Release|Any CPU.ActiveCfg = Release|Any CPU
		{76534A53-E242-4FD1-8633-E741E7BE1D92}.Release|Any CPU.Build.0 = Release|Any CPU
		{76534A53-E242-4FD1-8633-E741E7BE1D92}.Release|ARM.ActiveCfg = Release|Any CPU
		{76534A53-E242-4FD1-8633-E741E7BE1D92}.Release|ARM.Build.0 = Release|Any CPU
		{76534A53-E242-4FD1-8633-E741E7BE1D92}.Release|iPhone.ActiveCfg = Release|Any CPU
		{76534A53-E242-4FD1-8633-E741E7BE1D92}.Release|iPhone.Build.0 = Release|Any CPU
		{76534A53-E242-4FD1-8633-E741E7BE1D92}.Release|iPhoneSimulator.ActiveCfg = Release|Any CPU
		{76534A53-E242-4FD1-8633-E741E7BE1D92}.Release|iPhoneSimulator.Build.0 = Release|Any CPU
		{76534A53-E242-4FD1-8633-E741E7BE1D92}.Release|x64.ActiveCfg = Release|Any CPU
		{76534A53-E242-4FD1-8633-E741E7BE1D92}.Release|x64.Build.0 = Release|Any CPU
		{76534A53-E242-4FD1-8633-E741E7BE1D92}.Release|x86.ActiveCfg = Release|Any CPU
		{76534A53-E242-4FD1-8633-E741E7BE1D92}.Release|x86.Build.0 = Release|Any CPU
		{7AE7A828-4267-498A-ACC8-503C236085A4}.Ad-Hoc|Any CPU.ActiveCfg = Release|Any CPU
		{7AE7A828-4267-498A-ACC8-503C236085A4}.Ad-Hoc|Any CPU.Build.0 = Release|Any CPU
		{7AE7A828-4267-498A-ACC8-503C236085A4}.Ad-Hoc|ARM.ActiveCfg = Release|Any CPU
		{7AE7A828-4267-498A-ACC8-503C236085A4}.Ad-Hoc|ARM.Build.0 = Release|Any CPU
		{7AE7A828-4267-498A-ACC8-503C236085A4}.Ad-Hoc|iPhone.ActiveCfg = Release|Any CPU
		{7AE7A828-4267-498A-ACC8-503C236085A4}.Ad-Hoc|iPhone.Build.0 = Release|Any CPU
		{7AE7A828-4267-498A-ACC8-503C236085A4}.Ad-Hoc|iPhoneSimulator.ActiveCfg = Release|Any CPU
		{7AE7A828-4267-498A-ACC8-503C236085A4}.Ad-Hoc|iPhoneSimulator.Build.0 = Release|Any CPU
		{7AE7A828-4267-498A-ACC8-503C236085A4}.Ad-Hoc|x64.ActiveCfg = Release|Any CPU
		{7AE7A828-4267-498A-ACC8-503C236085A4}.Ad-Hoc|x64.Build.0 = Release|Any CPU
		{7AE7A828-4267-498A-ACC8-503C236085A4}.Ad-Hoc|x86.ActiveCfg = Release|Any CPU
		{7AE7A828-4267-498A-ACC8-503C236085A4}.Ad-Hoc|x86.Build.0 = Release|Any CPU
		{7AE7A828-4267-498A-ACC8-503C236085A4}.AppStore|Any CPU.ActiveCfg = Release|Any CPU
		{7AE7A828-4267-498A-ACC8-503C236085A4}.AppStore|Any CPU.Build.0 = Release|Any CPU
		{7AE7A828-4267-498A-ACC8-503C236085A4}.AppStore|ARM.ActiveCfg = Release|Any CPU
		{7AE7A828-4267-498A-ACC8-503C236085A4}.AppStore|ARM.Build.0 = Release|Any CPU
		{7AE7A828-4267-498A-ACC8-503C236085A4}.AppStore|iPhone.ActiveCfg = Release|Any CPU
		{7AE7A828-4267-498A-ACC8-503C236085A4}.AppStore|iPhone.Build.0 = Release|Any CPU
		{7AE7A828-4267-498A-ACC8-503C236085A4}.AppStore|iPhoneSimulator.ActiveCfg = Release|Any CPU
		{7AE7A828-4267-498A-ACC8-503C236085A4}.AppStore|iPhoneSimulator.Build.0 = Release|Any CPU
		{7AE7A828-4267-498A-ACC8-503C236085A4}.AppStore|x64.ActiveCfg = Release|Any CPU
		{7AE7A828-4267-498A-ACC8-503C236085A4}.AppStore|x64.Build.0 = Release|Any CPU
		{7AE7A828-4267-498A-ACC8-503C236085A4}.AppStore|x86.ActiveCfg = Release|Any CPU
		{7AE7A828-4267-498A-ACC8-503C236085A4}.AppStore|x86.Build.0 = Release|Any CPU
		{7AE7A828-4267-498A-ACC8-503C236085A4}.Debug|Any CPU.ActiveCfg = Debug|Any CPU
		{7AE7A828-4267-498A-ACC8-503C236085A4}.Debug|Any CPU.Build.0 = Debug|Any CPU
		{7AE7A828-4267-498A-ACC8-503C236085A4}.Debug|ARM.ActiveCfg = Debug|Any CPU
		{7AE7A828-4267-498A-ACC8-503C236085A4}.Debug|ARM.Build.0 = Debug|Any CPU
		{7AE7A828-4267-498A-ACC8-503C236085A4}.Debug|iPhone.ActiveCfg = Debug|Any CPU
		{7AE7A828-4267-498A-ACC8-503C236085A4}.Debug|iPhone.Build.0 = Debug|Any CPU
		{7AE7A828-4267-498A-ACC8-503C236085A4}.Debug|iPhoneSimulator.ActiveCfg = Debug|Any CPU
		{7AE7A828-4267-498A-ACC8-503C236085A4}.Debug|iPhoneSimulator.Build.0 = Debug|Any CPU
		{7AE7A828-4267-498A-ACC8-503C236085A4}.Debug|x64.ActiveCfg = Debug|Any CPU
		{7AE7A828-4267-498A-ACC8-503C236085A4}.Debug|x64.Build.0 = Debug|Any CPU
		{7AE7A828-4267-498A-ACC8-503C236085A4}.Debug|x86.ActiveCfg = Debug|Any CPU
		{7AE7A828-4267-498A-ACC8-503C236085A4}.Debug|x86.Build.0 = Debug|Any CPU
		{7AE7A828-4267-498A-ACC8-503C236085A4}.Release|Any CPU.ActiveCfg = Release|Any CPU
		{7AE7A828-4267-498A-ACC8-503C236085A4}.Release|Any CPU.Build.0 = Release|Any CPU
		{7AE7A828-4267-498A-ACC8-503C236085A4}.Release|ARM.ActiveCfg = Release|Any CPU
		{7AE7A828-4267-498A-ACC8-503C236085A4}.Release|ARM.Build.0 = Release|Any CPU
		{7AE7A828-4267-498A-ACC8-503C236085A4}.Release|iPhone.ActiveCfg = Release|Any CPU
		{7AE7A828-4267-498A-ACC8-503C236085A4}.Release|iPhone.Build.0 = Release|Any CPU
		{7AE7A828-4267-498A-ACC8-503C236085A4}.Release|iPhoneSimulator.ActiveCfg = Release|Any CPU
		{7AE7A828-4267-498A-ACC8-503C236085A4}.Release|iPhoneSimulator.Build.0 = Release|Any CPU
		{7AE7A828-4267-498A-ACC8-503C236085A4}.Release|x64.ActiveCfg = Release|Any CPU
		{7AE7A828-4267-498A-ACC8-503C236085A4}.Release|x64.Build.0 = Release|Any CPU
		{7AE7A828-4267-498A-ACC8-503C236085A4}.Release|x86.ActiveCfg = Release|Any CPU
		{7AE7A828-4267-498A-ACC8-503C236085A4}.Release|x86.Build.0 = Release|Any CPU
	EndGlobalSection
	GlobalSection(SolutionProperties) = preSolution
		HideSolutionNode = FALSE
	EndGlobalSection
	GlobalSection(NestedProjects) = preSolution
		{BF066FDB-BE99-41A8-80F5-6ACF1F85FDA7} = {0D3F05A3-550F-44D0-86D9-6E68C3962B02}
		{8928B64E-06E6-4399-950C-C4C30228466F} = {0D3F05A3-550F-44D0-86D9-6E68C3962B02}
		{47C7ACFF-2C9D-4F67-965F-AC7D3241FF36} = {0D3F05A3-550F-44D0-86D9-6E68C3962B02}
		{E3A3B8D8-4BB4-423F-9757-E085C4B03695} = {0D3F05A3-550F-44D0-86D9-6E68C3962B02}
		{23175A97-34DC-4752-A3FC-70B71EDE1C2F} = {0D3F05A3-550F-44D0-86D9-6E68C3962B02}
		{0D3F05A3-550F-44D0-86D9-6E68C3962B02} = {F06F6BB3-0013-43FF-9E9E-D110E865163F}
		{F2B1444A-2A0D-4C2B-9312-E0128DCD2551} = {F06F6BB3-0013-43FF-9E9E-D110E865163F}
		{6AA68B0E-7846-430A-B40D-B294AA53FC6A} = {F06F6BB3-0013-43FF-9E9E-D110E865163F}
		{34904F2C-9D4A-4501-8C51-CAF9FFA16019} = {6AA68B0E-7846-430A-B40D-B294AA53FC6A}
		{1F38E710-F40B-4C45-9ECF-01F6BCB0FDC0} = {F2B1444A-2A0D-4C2B-9312-E0128DCD2551}
		{0C78C682-625F-4702-A015-491D55CBB420} = {7787DC86-7031-484B-8930-A5DA0F4CBBF4}
		{8678AFDC-D579-4E82-AD86-4C1C25CAEEED} = {7787DC86-7031-484B-8930-A5DA0F4CBBF4}
		{CDDA25AE-87BB-49AC-BD16-E3526FBD9DD9} = {7787DC86-7031-484B-8930-A5DA0F4CBBF4}
		{76534A53-E242-4FD1-8633-E741E7BE1D92} = {0C78C682-625F-4702-A015-491D55CBB420}
		{7AE7A828-4267-498A-ACC8-503C236085A4} = {8678AFDC-D579-4E82-AD86-4C1C25CAEEED}
	EndGlobalSection
EndGlobal
